{
    "name": "tweet-client",
    "version": "0.0.1",
    "lockfileVersion": 1,
    "requires": true,
    "dependencies": {
        "asynckit": {
            "version": "0.4.0",
            "resolved": "http://r.cnpmjs.org/asynckit/download/asynckit-0.4.0.tgz",
            "integrity": "sha1-x57Zf380y48robyXkLzDZkdLS3k="
        },
        "combined-stream": {
            "version": "1.0.7",
            "resolved": "http://r.cnpmjs.org/combined-stream/download/combined-stream-1.0.7.tgz",
            "integrity": "sha1-LR0kMXr7ir6V1tLAsHtXgTU52Cg=",
            "requires": {
                "delayed-stream": "~1.0.0"
            }
        },
        "component-emitter": {
            "version": "1.2.1",
            "resolved": "http://r.cnpmjs.org/component-emitter/download/component-emitter-1.2.1.tgz",
            "integrity": "sha1-E3kY1teCg/ffemt8WmPhQOaUJeY="
        },
        "cookiejar": {
            "version": "2.1.2",
            "resolved": "http://r.cnpmjs.org/cookiejar/download/cookiejar-2.1.2.tgz",
            "integrity": "sha1-3YojVTB1L5iPmghE8/xYnjERElw="
        },
        "debug": {
            "version": "4.1.0",
            "resolved": "http://r.cnpmjs.org/debug/download/debug-4.1.0.tgz",
            "integrity": "sha1-NzaHv/pnizixzZH4YbY4UANd3Ic=",
            "requires": {
                "ms": "^2.1.1"
            }
        },
        "delayed-stream": {
            "version": "1.0.0",
            "resolved": "http://r.cnpmjs.org/delayed-stream/download/delayed-stream-1.0.0.tgz",
            "integrity": "sha1-3zrhmayt+31ECqrgsp4icrJOxhk="
        },
        "form-data": {
            "version": "2.3.3",
            "resolved": "http://r.cnpmjs.org/form-data/download/form-data-2.3.3.tgz",
            "integrity": "sha1-3M5SwF9kTymManq5Nr1yTO/786Y=",
            "requires": {
                "asynckit": "^0.4.0",
                "combined-stream": "^1.0.6",
                "mime-types": "^2.1.12"
            }
        },
        "formidable": {
            "version": "1.2.1",
            "resolved": "http://r.cnpmjs.org/formidable/download/formidable-1.2.1.tgz",
            "integrity": "sha1-cPt8oCkO5v+WEJBBX0s989IIJlk="
        },
        "inherits": {
            "version": "2.0.3",
            "resolved": "http://r.cnpmjs.org/inherits/download/inherits-2.0.3.tgz",
            "integrity": "sha1-Yzwsg+PaQqUC9SRmAiSA9CCCYd4="
        },
        "methods": {
            "version": "1.1.2",
            "resolved": "http://r.cnpmjs.org/methods/download/methods-1.1.2.tgz",
            "integrity": "sha1-VSmk1nZUE07cxSZmVoNbD4Ua/O4="
        },
        "mime": {
            "version": "2.3.1",
            "resolved": "http://r.cnpmjs.org/mime/download/mime-2.3.1.tgz",
            "integrity": "sha1-sWIcVNY7l8R9PP5/chX31kUXw2k="
        },
        "mime-db": {
            "version": "1.37.0",
            "resolved": "http://r.cnpmjs.org/mime-db/download/mime-db-1.37.0.tgz",
            "integrity": "sha1-C2oM5v2+lXbiXx8tL96IMNwK0Ng="
        },
        "mime-types": {
            "version": "2.1.21",
            "resolved": "http://r.cnpmjs.org/mime-types/download/mime-types-2.1.21.tgz",
            "integrity": "sha1-KJlaoey3cHQv5q5+WPkYHHRLP5Y=",
            "requires": {
                "mime-db": "~1.37.0"
            }
        },
        "ms": {
            "version": "2.1.1",
            "resolved": "http://r.cnpmjs.org/ms/download/ms-2.1.1.tgz",
            "integrity": "sha1-MKWGTrPrsKZvLr5tcnrwagnYbgo="
        },
        "qs": {
            "version": "6.5.2",
            "resolved": "http://r.cnpmjs.org/qs/download/qs-6.5.2.tgz",
            "integrity": "sha1-yzroBuh0BERYTvFUzo7pjUA/PjY="
        },
        "readable-stream": {
            "version": "3.0.6",
            "resolved": "http://r.cnpmjs.org/readable-stream/download/readable-stream-3.0.6.tgz",
            "integrity": "sha1-NRMC5MaLWr1qLtVTdqf5olvjBXo=",
            "requires": {
                "inherits": "^2.0.3",
                "string_decoder": "^1.1.1",
                "util-deprecate": "^1.0.1"
            }
        },
        "safe-buffer": {
            "version": "5.1.2",
            "resolved": "http://r.cnpmjs.org/safe-buffer/download/safe-buffer-5.1.2.tgz",
            "integrity": "sha1-mR7GnSluAxN0fVm9/St0XDX4go0="
        },
        "string_decoder": {
            "version": "1.1.1",
            "resolved": "http://r.cnpmjs.org/string_decoder/download/string_decoder-1.1.1.tgz",
            "integrity": "sha1-nPFhG6YmhdcDCunkujQUnDrwP8g=",
            "requires": {
                "safe-buffer": "~5.1.0"
            }
        },
        "superagent": {
            "version": "4.0.0-beta.5",
            "resolved": "http://r.cnpmjs.org/superagent/download/superagent-4.0.0-beta.5.tgz",
            "integrity": "sha1-RBqJIUETUV6H0vVF/I3Qiqowyyk=",
            "requires": {
                "component-emitter": "^1.2.0",
                "cookiejar": "^2.1.2",
                "debug": "^4.0.0",
                "form-data": "^2.3.2",
                "formidable": "^1.2.0",
                "methods": "^1.1.1",
                "mime": "^2.0.3",
                "qs": "^6.5.1",
                "readable-stream": "^3.0.3"
            }
        },
        "util-deprecate": {
            "version": "1.0.2",
            "resolved": "http://r.cnpmjs.org/util-deprecate/download/util-deprecate-1.0.2.tgz",
            "integrity": "sha1-RQ1Nyfpw3nMnYvvS1KKJgUGaDM8="
        }
    }
}
